Microsoft Visual Studio Solution File, Format Version 12.00
Project("{FAE04EC0-301F-11D3-BF4B-00C04F79EFBC}") = "InstruMental", "InstruMental\InstruMental.csproj", "{9A284330-7782-4B8D-89AF-0CB6F8EC6A98}"
EndProject
Project("{FAE04EC0-301F-11D3-BF4B-00C04F79EFBC}") = "InstruMental.Contracts", "InstruMental.Contracts\InstruMental.Contracts.csproj", "{EB196CE8-3B3C-495D-813A-EB4EC9E8DA5E}"
EndProject
Project("{FAE04EC0-301F-11D3-BF4B-00C04F79EFBC}") = "InstruMental.Diagnostics", "InstruMental.Diagnostics\InstruMental.Diagnostics.csproj", "{3327E823-F221-4FDB-8AF5-C4874686C69D}"
EndProject
Project("{FAE04EC0-301F-11D3-BF4B-00C04F79EFBC}") = "InstruMental.Monitor", "InstruMental.Monitor\InstruMental.Monitor.csproj", "{CF1E1795-5090-410C-8D73-5C0A91A97C90}"
EndProject
Project("{FAE04EC0-301F-11D3-BF4B-00C04F79EFBC}") = "InstruMental.Monitor.Desktop", "InstruMental.Monitor.Desktop\InstruMental.Monitor.Desktop.csproj", "{D128279F-6C10-402D-AF1F-63880BD38242}"
EndProject
Project("{FAE04EC0-301F-11D3-BF4B-00C04F79EFBC}") = "InstruMental.Producer", "InstruMental.Producer\InstruMental.Producer.csproj", "{635AD966-0A47-4109-91DC-07C4ED51584E}"
EndProject
Project("{2150E333-8FDC-42A3-9474-1A3956D46DE8}") = "SolutionItems", "SolutionItems", "{2A6D2358-18E9-4B55-9B63-B8752DBDB1B5}"
	ProjectSection(SolutionItems) = preProject
		Agents.md = Agents.md
		README.md = README.md
	EndProjectSection
EndProject
Global
	GlobalSection(SolutionConfigurationPlatforms) = preSolution
		Debug|Any CPU = Debug|Any CPU
		Debug|x64 = Debug|x64
		Debug|x86 = Debug|x86
		Release|Any CPU = Release|Any CPU
		Release|x64 = Release|x64
		Release|x86 = Release|x86
	EndGlobalSection
	GlobalSection(ProjectConfigurationPlatforms) = postSolution
		{9A284330-7782-4B8D-89AF-0CB6F8EC6A98}.Debug|Any CPU.ActiveCfg = Debug|Any CPU
		{9A284330-7782-4B8D-89AF-0CB6F8EC6A98}.Debug|Any CPU.Build.0 = Debug|Any CPU
		{9A284330-7782-4B8D-89AF-0CB6F8EC6A98}.Debug|x64.ActiveCfg = Debug|Any CPU
		{9A284330-7782-4B8D-89AF-0CB6F8EC6A98}.Debug|x64.Build.0 = Debug|Any CPU
		{9A284330-7782-4B8D-89AF-0CB6F8EC6A98}.Debug|x86.ActiveCfg = Debug|Any CPU
		{9A284330-7782-4B8D-89AF-0CB6F8EC6A98}.Debug|x86.Build.0 = Debug|Any CPU
		{9A284330-7782-4B8D-89AF-0CB6F8EC6A98}.Release|Any CPU.ActiveCfg = Release|Any CPU
		{9A284330-7782-4B8D-89AF-0CB6F8EC6A98}.Release|Any CPU.Build.0 = Release|Any CPU
		{9A284330-7782-4B8D-89AF-0CB6F8EC6A98}.Release|x64.ActiveCfg = Release|Any CPU
		{9A284330-7782-4B8D-89AF-0CB6F8EC6A98}.Release|x64.Build.0 = Release|Any CPU
		{9A284330-7782-4B8D-89AF-0CB6F8EC6A98}.Release|x86.ActiveCfg = Release|Any CPU
		{9A284330-7782-4B8D-89AF-0CB6F8EC6A98}.Release|x86.Build.0 = Release|Any CPU
		{EB196CE8-3B3C-495D-813A-EB4EC9E8DA5E}.Debug|Any CPU.ActiveCfg = Debug|Any CPU
		{EB196CE8-3B3C-495D-813A-EB4EC9E8DA5E}.Debug|Any CPU.Build.0 = Debug|Any CPU
		{EB196CE8-3B3C-495D-813A-EB4EC9E8DA5E}.Debug|x64.ActiveCfg = Debug|Any CPU
		{EB196CE8-3B3C-495D-813A-EB4EC9E8DA5E}.Debug|x64.Build.0 = Debug|Any CPU
		{EB196CE8-3B3C-495D-813A-EB4EC9E8DA5E}.Debug|x86.ActiveCfg = Debug|Any CPU
		{EB196CE8-3B3C-495D-813A-EB4EC9E8DA5E}.Debug|x86.Build.0 = Debug|Any CPU
		{EB196CE8-3B3C-495D-813A-EB4EC9E8DA5E}.Release|Any CPU.ActiveCfg = Release|Any CPU
		{EB196CE8-3B3C-495D-813A-EB4EC9E8DA5E}.Release|Any CPU.Build.0 = Release|Any CPU
		{EB196CE8-3B3C-495D-813A-EB4EC9E8DA5E}.Release|x64.ActiveCfg = Release|Any CPU
		{EB196CE8-3B3C-495D-813A-EB4EC9E8DA5E}.Release|x64.Build.0 = Release|Any CPU
		{EB196CE8-3B3C-495D-813A-EB4EC9E8DA5E}.Release|x86.ActiveCfg = Release|Any CPU
		{EB196CE8-3B3C-495D-813A-EB4EC9E8DA5E}.Release|x86.Build.0 = Release|Any CPU
		{3327E823-F221-4FDB-8AF5-C4874686C69D}.Debug|Any CPU.ActiveCfg = Debug|Any CPU
		{3327E823-F221-4FDB-8AF5-C4874686C69D}.Debug|Any CPU.Build.0 = Debug|Any CPU
		{3327E823-F221-4FDB-8AF5-C4874686C69D}.Debug|x64.ActiveCfg = Debug|Any CPU
		{3327E823-F221-4FDB-8AF5-C4874686C69D}.Debug|x64.Build.0 = Debug|Any CPU
		{3327E823-F221-4FDB-8AF5-C4874686C69D}.Debug|x86.ActiveCfg = Debug|Any CPU
		{3327E823-F221-4FDB-8AF5-C4874686C69D}.Debug|x86.Build.0 = Debug|Any CPU
		{3327E823-F221-4FDB-8AF5-C4874686C69D}.Release|Any CPU.ActiveCfg = Release|Any CPU
		{3327E823-F221-4FDB-8AF5-C4874686C69D}.Release|Any CPU.Build.0 = Release|Any CPU
		{3327E823-F221-4FDB-8AF5-C4874686C69D}.Release|x64.ActiveCfg = Release|Any CPU
		{3327E823-F221-4FDB-8AF5-C4874686C69D}.Release|x64.Build.0 = Release|Any CPU
		{3327E823-F221-4FDB-8AF5-C4874686C69D}.Release|x86.ActiveCfg = Release|Any CPU
		{3327E823-F221-4FDB-8AF5-C4874686C69D}.Release|x86.Build.0 = Release|Any CPU
		{CF1E1795-5090-410C-8D73-5C0A91A97C90}.Debug|Any CPU.ActiveCfg = Debug|Any CPU
		{CF1E1795-5090-410C-8D73-5C0A91A97C90}.Debug|Any CPU.Build.0 = Debug|Any CPU
		{CF1E1795-5090-410C-8D73-5C0A91A97C90}.Debug|x64.ActiveCfg = Debug|Any CPU
		{CF1E1795-5090-410C-8D73-5C0A91A97C90}.Debug|x64.Build.0 = Debug|Any CPU
		{CF1E1795-5090-410C-8D73-5C0A91A97C90}.Debug|x86.ActiveCfg = Debug|Any CPU
		{CF1E1795-5090-410C-8D73-5C0A91A97C90}.Debug|x86.Build.0 = Debug|Any CPU
		{CF1E1795-5090-410C-8D73-5C0A91A97C90}.Release|Any CPU.ActiveCfg = Release|Any CPU
		{CF1E1795-5090-410C-8D73-5C0A91A97C90}.Release|Any CPU.Build.0 = Release|Any CPU
		{CF1E1795-5090-410C-8D73-5C0A91A97C90}.Release|x64.ActiveCfg = Release|Any CPU
		{CF1E1795-5090-410C-8D73-5C0A91A97C90}.Release|x64.Build.0 = Release|Any CPU
		{CF1E1795-5090-410C-8D73-5C0A91A97C90}.Release|x86.ActiveCfg = Release|Any CPU
		{CF1E1795-5090-410C-8D73-5C0A91A97C90}.Release|x86.Build.0 = Release|Any CPU
		{D128279F-6C10-402D-AF1F-63880BD38242}.Debug|Any CPU.ActiveCfg = Debug|Any CPU
		{D128279F-6C10-402D-AF1F-63880BD38242}.Debug|Any CPU.Build.0 = Debug|Any CPU
		{D128279F-6C10-402D-AF1F-63880BD38242}.Debug|x64.ActiveCfg = Debug|Any CPU
		{D128279F-6C10-402D-AF1F-63880BD38242}.Debug|x64.Build.0 = Debug|Any CPU
		{D128279F-6C10-402D-AF1F-63880BD38242}.Debug|x86.ActiveCfg = Debug|Any CPU
		{D128279F-6C10-402D-AF1F-63880BD38242}.Debug|x86.Build.0 = Debug|Any CPU
		{D128279F-6C10-402D-AF1F-63880BD38242}.Release|Any CPU.ActiveCfg = Release|Any CPU
		{D128279F-6C10-402D-AF1F-63880BD38242}.Release|Any CPU.Build.0 = Release|Any CPU
		{D128279F-6C10-402D-AF1F-63880BD38242}.Release|x64.ActiveCfg = Release|Any CPU
		{D128279F-6C10-402D-AF1F-63880BD38242}.Release|x64.Build.0 = Release|Any CPU
		{D128279F-6C10-402D-AF1F-63880BD38242}.Release|x86.ActiveCfg = Release|Any CPU
		{D128279F-6C10-402D-AF1F-63880BD38242}.Release|x86.Build.0 = Release|Any CPU
		{635AD966-0A47-4109-91DC-07C4ED51584E}.Debug|Any CPU.ActiveCfg = Debug|Any CPU
		{635AD966-0A47-4109-91DC-07C4ED51584E}.Debug|Any CPU.Build.0 = Debug|Any CPU
		{635AD966-0A47-4109-91DC-07C4ED51584E}.Debug|x64.ActiveCfg = Debug|Any CPU
		{635AD966-0A47-4109-91DC-07C4ED51584E}.Debug|x64.Build.0 = Debug|Any CPU
		{635AD966-0A47-4109-91DC-07C4ED51584E}.Debug|x86.ActiveCfg = Debug|Any CPU
		{635AD966-0A47-4109-91DC-07C4ED51584E}.Debug|x86.Build.0 = Debug|Any CPU
		{635AD966-0A47-4109-91DC-07C4ED51584E}.Release|Any CPU.ActiveCfg = Release|Any CPU
		{635AD966-0A47-4109-91DC-07C4ED51584E}.Release|Any CPU.Build.0 = Release|Any CPU
		{635AD966-0A47-4109-91DC-07C4ED51584E}.Release|x64.ActiveCfg = Release|Any CPU
		{635AD966-0A47-4109-91DC-07C4ED51584E}.Release|x64.Build.0 = Release|Any CPU
		{635AD966-0A47-4109-91DC-07C4ED51584E}.Release|x86.ActiveCfg = Release|Any CPU
		{635AD966-0A47-4109-91DC-07C4ED51584E}.Release|x86.Build.0 = Release|Any CPU
	EndGlobalSection
	GlobalSection(SolutionProperties) = preSolution
		HideSolutionNode = FALSE
	EndGlobalSection
EndGlobal
